{
  "originHash" : "da4be0d2e54ce86251987e2fc0fb403137ba9badefa80cb2b4978e9f9f9462b8",
  "pins" : [
    {
      "identity" : "bottomsheet",
      "kind" : "remoteSourceControl",
      "location" : "https://github.com/Wouter125/BottomSheet",
      "state" : {
        "revision" : "44ab4103c63b07777bef40b91d5a21c3a12dbda4",
        "version" : "1.4.5"
      }
    },
    {
      "identity" : "networkpackage",
      "kind" : "remoteSourceControl",
      "location" : "https://github.com/embaabu/NetworkPackage",
      "state" : {
        "branch" : "main",
        "revision" : "f10edce57f4e1e39434ded9c514e3c27e2396ecb"
      }
    }
  ],
  "version" : 3
}
